// !$*UTF8*$!
{
	archiveVersion = 1;
	classes = {
	};
	objectVersion = 46;
	objects = {

/* Begin PBXBuildFile section */
		750587C41A77F18E005743BB /* YTParseManager.m in Sources */ = {isa = PBXBuildFile; fileRef = 750587C31A77F18E005743BB /* YTParseManager.m */; };
		750587CB1A781704005743BB /* Bolts.framework in Frameworks */ = {isa = PBXBuildFile; fileRef = 750587C61A781704005743BB /* Bolts.framework */; };
		750587CC1A781704005743BB /* Parse.framework in Frameworks */ = {isa = PBXBuildFile; fileRef = 750587C71A781704005743BB /* Parse.framework */; };
		750587CD1A781704005743BB /* ParseCrashReporting.framework in Frameworks */ = {isa = PBXBuildFile; fileRef = 750587C81A781704005743BB /* ParseCrashReporting.framework */; };
		750587CE1A781704005743BB /* ParseFacebookUtils.framework in Frameworks */ = {isa = PBXBuildFile; fileRef = 750587C91A781704005743BB /* ParseFacebookUtils.framework */; };
		750587CF1A781704005743BB /* ParseUI.framework in Frameworks */ = {isa = PBXBuildFile; fileRef = 750587CA1A781704005743BB /* ParseUI.framework */; };
		750587D11A78177D005743BB /* libsqlite3.dylib in Frameworks */ = {isa = PBXBuildFile; fileRef = 750587D01A78177D005743BB /* libsqlite3.dylib */; };
		750587DB1A781798005743BB /* AudioToolbox.framework in Frameworks */ = {isa = PBXBuildFile; fileRef = 750587D21A781798005743BB /* AudioToolbox.framework */; };
		750587DC1A781798005743BB /* CFNetwork.framework in Frameworks */ = {isa = PBXBuildFile; fileRef = 750587D31A781798005743BB /* CFNetwork.framework */; };
		750587DD1A781798005743BB /* CoreLocation.framework in Frameworks */ = {isa = PBXBuildFile; fileRef = 750587D41A781798005743BB /* CoreLocation.framework */; };
		750587DE1A781798005743BB /* libz.dylib in Frameworks */ = {isa = PBXBuildFile; fileRef = 750587D51A781798005743BB /* libz.dylib */; };
		750587DF1A781798005743BB /* MobileCoreServices.framework in Frameworks */ = {isa = PBXBuildFile; fileRef = 750587D61A781798005743BB /* MobileCoreServices.framework */; };
		750587E01A781798005743BB /* QuartzCore.framework in Frameworks */ = {isa = PBXBuildFile; fileRef = 750587D71A781798005743BB /* QuartzCore.framework */; };
		750587E11A781798005743BB /* Security.framework in Frameworks */ = {isa = PBXBuildFile; fileRef = 750587D81A781798005743BB /* Security.framework */; };
		750587E21A781798005743BB /* StoreKit.framework in Frameworks */ = {isa = PBXBuildFile; fileRef = 750587D91A781798005743BB /* StoreKit.framework */; };
		750587E31A781798005743BB /* SystemConfiguration.framework in Frameworks */ = {isa = PBXBuildFile; fileRef = 750587DA1A781798005743BB /* SystemConfiguration.framework */; };
		75097E781A7404FD004E8EA1 /* CloudKit.framework in Frameworks */ = {isa = PBXBuildFile; fileRef = 75097E771A7404FD004E8EA1 /* CloudKit.framework */; };
		75097E7E1A740AC2004E8EA1 /* YTCloudKitManager.m in Sources */ = {isa = PBXBuildFile; fileRef = 75097E7D1A740AC2004E8EA1 /* YTCloudKitManager.m */; };
		75097E811A740D20004E8EA1 /* YTUser.m in Sources */ = {isa = PBXBuildFile; fileRef = 75097E801A740D20004E8EA1 /* YTUser.m */; };
		75097E9D1A74337F004E8EA1 /* UIKit.framework in Frameworks */ = {isa = PBXBuildFile; fileRef = 75097E9C1A74337F004E8EA1 /* UIKit.framework */; };
		75097E9F1A743385004E8EA1 /* Foundation.framework in Frameworks */ = {isa = PBXBuildFile; fileRef = 75097E9E1A743385004E8EA1 /* Foundation.framework */; };
		75097EA11A74338E004E8EA1 /* CoreGraphics.framework in Frameworks */ = {isa = PBXBuildFile; fileRef = 75097EA01A74338E004E8EA1 /* CoreGraphics.framework */; };
		7535E75F1A6577AC00A7605C /* main.m in Sources */ = {isa = PBXBuildFile; fileRef = 7535E75E1A6577AC00A7605C /* main.m */; };
		7535E7621A6577AC00A7605C /* YTAppDelegate.m in Sources */ = {isa = PBXBuildFile; fileRef = 7535E7611A6577AC00A7605C /* YTAppDelegate.m */; };
		7535E7651A6577AC00A7605C /* YTMainViewController.m in Sources */ = {isa = PBXBuildFile; fileRef = 7535E7641A6577AC00A7605C /* YTMainViewController.m */; };
		7535E76D1A6577AC00A7605C /* Images.xcassets in Resources */ = {isa = PBXBuildFile; fileRef = 7535E76C1A6577AC00A7605C /* Images.xcassets */; };
		7535E7701A6577AC00A7605C /* LaunchScreen.xib in Resources */ = {isa = PBXBuildFile; fileRef = 7535E76E1A6577AC00A7605C /* LaunchScreen.xib */; };
		7535E77C1A6577AC00A7605C /* yeetTests.m in Sources */ = {isa = PBXBuildFile; fileRef = 7535E77B1A6577AC00A7605C /* yeetTests.m */; };
		7535E7A81A657B6900A7605C /* YTSignUpViewController.m in Sources */ = {isa = PBXBuildFile; fileRef = 7535E7A61A657B6900A7605C /* YTSignUpViewController.m */; };
		7535E7A91A657B6900A7605C /* YTSignUpViewController.xib in Resources */ = {isa = PBXBuildFile; fileRef = 7535E7A71A657B6900A7605C /* YTSignUpViewController.xib */; };
		756802B81A7917C700DEE4BE /* Colours.m in Sources */ = {isa = PBXBuildFile; fileRef = 756802B71A7917C700DEE4BE /* Colours.m */; };
/* End PBXBuildFile section */

/* Begin PBXContainerItemProxy section */
		7535E7761A6577AC00A7605C /* PBXContainerItemProxy */ = {
			isa = PBXContainerItemProxy;
			containerPortal = 7535E7511A6577AC00A7605C /* Project object */;
			proxyType = 1;
			remoteGlobalIDString = 7535E7581A6577AC00A7605C;
			remoteInfo = yeet;
		};
/* End PBXContainerItemProxy section */

/* Begin PBXFileReference section */
		750587C21A77F18E005743BB /* YTParseManager.h */ = {isa = PBXFileReference; fileEncoding = 4; lastKnownFileType = sourcecode.c.h; path = YTParseManager.h; sourceTree = "<group>"; };
		750587C31A77F18E005743BB /* YTParseManager.m */ = {isa = PBXFileReference; fileEncoding = 4; lastKnownFileType = sourcecode.c.objc; path = YTParseManager.m; sourceTree = "<group>"; };
		750587C51A77F29A005743BB /* YTConstants.h */ = {isa = PBXFileReference; lastKnownFileType = sourcecode.c.h; path = YTConstants.h; sourceTree = "<group>"; };
		750587C61A781704005743BB /* Bolts.framework */ = {isa = PBXFileReference; lastKnownFileType = wrapper.framework; path = Bolts.framework; sourceTree = "<group>"; };
		750587C71A781704005743BB /* Parse.framework */ = {isa = PBXFileReference; lastKnownFileType = wrapper.framework; path = Parse.framework; sourceTree = "<group>"; };
		750587C81A781704005743BB /* ParseCrashReporting.framework */ = {isa = PBXFileReference; lastKnownFileType = wrapper.framework; path = ParseCrashReporting.framework; sourceTree = "<group>"; };
		750587C91A781704005743BB /* ParseFacebookUtils.framework */ = {isa = PBXFileReference; lastKnownFileType = wrapper.framework; path = ParseFacebookUtils.framework; sourceTree = "<group>"; };
		750587CA1A781704005743BB /* ParseUI.framework */ = {isa = PBXFileReference; lastKnownFileType = wrapper.framework; path = ParseUI.framework; sourceTree = "<group>"; };
		750587D01A78177D005743BB /* libsqlite3.dylib */ = {isa = PBXFileReference; lastKnownFileType = "compiled.mach-o.dylib"; name = libsqlite3.dylib; path = usr/lib/libsqlite3.dylib; sourceTree = SDKROOT; };
		750587D21A781798005743BB /* AudioToolbox.framework */ = {isa = PBXFileReference; lastKnownFileType = wrapper.framework; name = AudioToolbox.framework; path = System/Library/Frameworks/AudioToolbox.framework; sourceTree = SDKROOT; };
		750587D31A781798005743BB /* CFNetwork.framework */ = {isa = PBXFileReference; lastKnownFileType = wrapper.framework; name = CFNetwork.framework; path = System/Library/Frameworks/CFNetwork.framework; sourceTree = SDKROOT; };
		750587D41A781798005743BB /* CoreLocation.framework */ = {isa = PBXFileReference; lastKnownFileType = wrapper.framework; name = CoreLocation.framework; path = System/Library/Frameworks/CoreLocation.framework; sourceTree = SDKROOT; };
		750587D51A781798005743BB /* libz.dylib */ = {isa = PBXFileReference; lastKnownFileType = "compiled.mach-o.dylib"; name = libz.dylib; path = usr/lib/libz.dylib; sourceTree = SDKROOT; };
		750587D61A781798005743BB /* MobileCoreServices.framework */ = {isa = PBXFileReference; lastKnownFileType = wrapper.framework; name = MobileCoreServices.framework; path = System/Library/Frameworks/MobileCoreServices.framework; sourceTree = SDKROOT; };
		750587D71A781798005743BB /* QuartzCore.framework */ = {isa = PBXFileReference; lastKnownFileType = wrapper.framework; name = QuartzCore.framework; path = System/Library/Frameworks/QuartzCore.framework; sourceTree = SDKROOT; };
		750587D81A781798005743BB /* Security.framework */ = {isa = PBXFileReference; lastKnownFileType = wrapper.framework; name = Security.framework; path = System/Library/Frameworks/Security.framework; sourceTree = SDKROOT; };
		750587D91A781798005743BB /* StoreKit.framework */ = {isa = PBXFileReference; lastKnownFileType = wrapper.framework; name = StoreKit.framework; path = System/Library/Frameworks/StoreKit.framework; sourceTree = SDKROOT; };
		750587DA1A781798005743BB /* SystemConfiguration.framework */ = {isa = PBXFileReference; lastKnownFileType = wrapper.framework; name = SystemConfiguration.framework; path = System/Library/Frameworks/SystemConfiguration.framework; sourceTree = SDKROOT; };
		75097E761A7404F5004E8EA1 /* yeet.entitlements */ = {isa = PBXFileReference; lastKnownFileType = text.xml; path = yeet.entitlements; sourceTree = "<group>"; };
		75097E771A7404FD004E8EA1 /* CloudKit.framework */ = {isa = PBXFileReference; lastKnownFileType = wrapper.framework; name = CloudKit.framework; path = System/Library/Frameworks/CloudKit.framework; sourceTree = SDKROOT; };
		75097E7C1A740AC2004E8EA1 /* YTCloudKitManager.h */ = {isa = PBXFileReference; fileEncoding = 4; lastKnownFileType = sourcecode.c.h; path = YTCloudKitManager.h; sourceTree = "<group>"; };
		75097E7D1A740AC2004E8EA1 /* YTCloudKitManager.m */ = {isa = PBXFileReference; fileEncoding = 4; lastKnownFileType = sourcecode.c.objc; path = YTCloudKitManager.m; sourceTree = "<group>"; };
		75097E7F1A740D20004E8EA1 /* YTUser.h */ = {isa = PBXFileReference; fileEncoding = 4; lastKnownFileType = sourcecode.c.h; path = YTUser.h; sourceTree = "<group>"; };
		75097E801A740D20004E8EA1 /* YTUser.m */ = {isa = PBXFileReference; fileEncoding = 4; lastKnownFileType = sourcecode.c.objc; path = YTUser.m; sourceTree = "<group>"; };
		75097E9C1A74337F004E8EA1 /* UIKit.framework */ = {isa = PBXFileReference; lastKnownFileType = wrapper.framework; name = UIKit.framework; path = System/Library/Frameworks/UIKit.framework; sourceTree = SDKROOT; };
		75097E9E1A743385004E8EA1 /* Foundation.framework */ = {isa = PBXFileReference; lastKnownFileType = wrapper.framework; name = Foundation.framework; path = System/Library/Frameworks/Foundation.framework; sourceTree = SDKROOT; };
		75097EA01A74338E004E8EA1 /* CoreGraphics.framework */ = {isa = PBXFileReference; lastKnownFileType = wrapper.framework; name = CoreGraphics.framework; path = System/Library/Frameworks/CoreGraphics.framework; sourceTree = SDKROOT; };
		7535E7591A6577AC00A7605C /* yeet.app */ = {isa = PBXFileReference; explicitFileType = wrapper.application; includeInIndex = 0; path = yeet.app; sourceTree = BUILT_PRODUCTS_DIR; };
		7535E75D1A6577AC00A7605C /* Info.plist */ = {isa = PBXFileReference; lastKnownFileType = text.plist.xml; path = Info.plist; sourceTree = "<group>"; };
		7535E75E1A6577AC00A7605C /* main.m */ = {isa = PBXFileReference; lastKnownFileType = sourcecode.c.objc; path = main.m; sourceTree = "<group>"; };
		7535E7601A6577AC00A7605C /* YTAppDelegate.h */ = {isa = PBXFileReference; lastKnownFileType = sourcecode.c.h; path = YTAppDelegate.h; sourceTree = "<group>"; };
		7535E7611A6577AC00A7605C /* YTAppDelegate.m */ = {isa = PBXFileReference; lastKnownFileType = sourcecode.c.objc; path = YTAppDelegate.m; sourceTree = "<group>"; };
		7535E7631A6577AC00A7605C /* YTMainViewController.h */ = {isa = PBXFileReference; lastKnownFileType = sourcecode.c.h; path = YTMainViewController.h; sourceTree = "<group>"; };
		7535E7641A6577AC00A7605C /* YTMainViewController.m */ = {isa = PBXFileReference; lastKnownFileType = sourcecode.c.objc; path = YTMainViewController.m; sourceTree = "<group>"; };
		7535E76C1A6577AC00A7605C /* Images.xcassets */ = {isa = PBXFileReference; lastKnownFileType = folder.assetcatalog; path = Images.xcassets; sourceTree = "<group>"; };
		7535E76F1A6577AC00A7605C /* Base */ = {isa = PBXFileReference; lastKnownFileType = file.xib; name = Base; path = Base.lproj/LaunchScreen.xib; sourceTree = "<group>"; };
		7535E7751A6577AC00A7605C /* yeetTests.xctest */ = {isa = PBXFileReference; explicitFileType = wrapper.cfbundle; includeInIndex = 0; path = yeetTests.xctest; sourceTree = BUILT_PRODUCTS_DIR; };
		7535E77A1A6577AC00A7605C /* Info.plist */ = {isa = PBXFileReference; lastKnownFileType = text.plist.xml; path = Info.plist; sourceTree = "<group>"; };
		7535E77B1A6577AC00A7605C /* yeetTests.m */ = {isa = PBXFileReference; lastKnownFileType = sourcecode.c.objc; path = yeetTests.m; sourceTree = "<group>"; };
		7535E7A51A657B6900A7605C /* YTSignUpViewController.h */ = {isa = PBXFileReference; fileEncoding = 4; lastKnownFileType = sourcecode.c.h; path = YTSignUpViewController.h; sourceTree = "<group>"; };
		7535E7A61A657B6900A7605C /* YTSignUpViewController.m */ = {isa = PBXFileReference; fileEncoding = 4; lastKnownFileType = sourcecode.c.objc; path = YTSignUpViewController.m; sourceTree = "<group>"; };
		7535E7A71A657B6900A7605C /* YTSignUpViewController.xib */ = {isa = PBXFileReference; fileEncoding = 4; lastKnownFileType = file.xib; path = YTSignUpViewController.xib; sourceTree = "<group>"; };
		756802B61A7917C700DEE4BE /* Colours.h */ = {isa = PBXFileReference; fileEncoding = 4; lastKnownFileType = sourcecode.c.h; path = Colours.h; sourceTree = "<group>"; };
		756802B71A7917C700DEE4BE /* Colours.m */ = {isa = PBXFileReference; fileEncoding = 4; lastKnownFileType = sourcecode.c.objc; path = Colours.m; sourceTree = "<group>"; };
/* End PBXFileReference section */

/* Begin PBXFrameworksBuildPhase section */
		7535E7561A6577AC00A7605C /* Frameworks */ = {
			isa = PBXFrameworksBuildPhase;
			buildActionMask = 2147483647;
			files = (
				750587DB1A781798005743BB /* AudioToolbox.framework in Frameworks */,
				750587DC1A781798005743BB /* CFNetwork.framework in Frameworks */,
				750587DD1A781798005743BB /* CoreLocation.framework in Frameworks */,
				750587DE1A781798005743BB /* libz.dylib in Frameworks */,
				750587DF1A781798005743BB /* MobileCoreServices.framework in Frameworks */,
				750587E01A781798005743BB /* QuartzCore.framework in Frameworks */,
				750587E11A781798005743BB /* Security.framework in Frameworks */,
				750587E21A781798005743BB /* StoreKit.framework in Frameworks */,
				750587E31A781798005743BB /* SystemConfiguration.framework in Frameworks */,
				750587D11A78177D005743BB /* libsqlite3.dylib in Frameworks */,
				750587CF1A781704005743BB /* ParseUI.framework in Frameworks */,
				750587CB1A781704005743BB /* Bolts.framework in Frameworks */,
				75097EA11A74338E004E8EA1 /* CoreGraphics.framework in Frameworks */,
				75097E9F1A743385004E8EA1 /* Foundation.framework in Frameworks */,
				75097E9D1A74337F004E8EA1 /* UIKit.framework in Frameworks */,
				750587CC1A781704005743BB /* Parse.framework in Frameworks */,
				750587CD1A781704005743BB /* ParseCrashReporting.framework in Frameworks */,
				750587CE1A781704005743BB /* ParseFacebookUtils.framework in Frameworks */,
				75097E781A7404FD004E8EA1 /* CloudKit.framework in Frameworks */,
			);
			runOnlyForDeploymentPostprocessing = 0;
		};
		7535E7721A6577AC00A7605C /* Frameworks */ = {
			isa = PBXFrameworksBuildPhase;
			buildActionMask = 2147483647;
			files = (
			);
			runOnlyForDeploymentPostprocessing = 0;
		};
/* End PBXFrameworksBuildPhase section */

/* Begin PBXGroup section */
		7535E7501A6577AC00A7605C = {
			isa = PBXGroup;
			children = (
				7535E75B1A6577AC00A7605C /* yeet */,
				7535E7781A6577AC00A7605C /* yeetTests */,
				7535E75A1A6577AC00A7605C /* Products */,
			);
			sourceTree = "<group>";
		};
		7535E75A1A6577AC00A7605C /* Products */ = {
			isa = PBXGroup;
			children = (
				7535E7591A6577AC00A7605C /* yeet.app */,
				7535E7751A6577AC00A7605C /* yeetTests.xctest */,
			);
			name = Products;
			sourceTree = "<group>";
		};
		7535E75B1A6577AC00A7605C /* yeet */ = {
			isa = PBXGroup;
			children = (
				75097E761A7404F5004E8EA1 /* yeet.entitlements */,
				7535E7601A6577AC00A7605C /* YTAppDelegate.h */,
				7535E7611A6577AC00A7605C /* YTAppDelegate.m */,
				7535E7631A6577AC00A7605C /* YTMainViewController.h */,
				7535E7641A6577AC00A7605C /* YTMainViewController.m */,
				75097E7C1A740AC2004E8EA1 /* YTCloudKitManager.h */,
				75097E7D1A740AC2004E8EA1 /* YTCloudKitManager.m */,
				750587C21A77F18E005743BB /* YTParseManager.h */,
				750587C31A77F18E005743BB /* YTParseManager.m */,
				750587C51A77F29A005743BB /* YTConstants.h */,
				75097E7F1A740D20004E8EA1 /* YTUser.h */,
				75097E801A740D20004E8EA1 /* YTUser.m */,
				7535E7A51A657B6900A7605C /* YTSignUpViewController.h */,
				7535E7A61A657B6900A7605C /* YTSignUpViewController.m */,
				7535E7A71A657B6900A7605C /* YTSignUpViewController.xib */,
				756802B61A7917C700DEE4BE /* Colours.h */,
				756802B71A7917C700DEE4BE /* Colours.m */,
				7535E76C1A6577AC00A7605C /* Images.xcassets */,
				7535E76E1A6577AC00A7605C /* LaunchScreen.xib */,
				7535E75C1A6577AC00A7605C /* Supporting Files */,
			);
			path = yeet;
			sourceTree = "<group>";
		};
		7535E75C1A6577AC00A7605C /* Supporting Files */ = {
			isa = PBXGroup;
			children = (
				750587D21A781798005743BB /* AudioToolbox.framework */,
				750587D31A781798005743BB /* CFNetwork.framework */,
				750587D41A781798005743BB /* CoreLocation.framework */,
				750587D51A781798005743BB /* libz.dylib */,
				750587D61A781798005743BB /* MobileCoreServices.framework */,
				750587D71A781798005743BB /* QuartzCore.framework */,
				750587D81A781798005743BB /* Security.framework */,
				750587D91A781798005743BB /* StoreKit.framework */,
				750587DA1A781798005743BB /* SystemConfiguration.framework */,
				750587D01A78177D005743BB /* libsqlite3.dylib */,
				750587C61A781704005743BB /* Bolts.framework */,
				750587C71A781704005743BB /* Parse.framework */,
				750587C81A781704005743BB /* ParseCrashReporting.framework */,
				750587C91A781704005743BB /* ParseFacebookUtils.framework */,
				750587CA1A781704005743BB /* ParseUI.framework */,
				75097EA01A74338E004E8EA1 /* CoreGraphics.framework */,
				75097E9E1A743385004E8EA1 /* Foundation.framework */,
				75097E9C1A74337F004E8EA1 /* UIKit.framework */,
				75097E771A7404FD004E8EA1 /* CloudKit.framework */,
				7535E75D1A6577AC00A7605C /* Info.plist */,
				7535E75E1A6577AC00A7605C /* main.m */,
			);
			name = "Supporting Files";
			sourceTree = "<group>";
		};
		7535E7781A6577AC00A7605C /* yeetTests */ = {
			isa = PBXGroup;
			children = (
				7535E77B1A6577AC00A7605C /* yeetTests.m */,
				7535E7791A6577AC00A7605C /* Supporting Files */,
			);
			path = yeetTests;
			sourceTree = "<group>";
		};
		7535E7791A6577AC00A7605C /* Supporting Files */ = {
			isa = PBXGroup;
			children = (
				7535E77A1A6577AC00A7605C /* Info.plist */,
			);
			name = "Supporting Files";
			sourceTree = "<group>";
		};
/* End PBXGroup section */

/* Begin PBXNativeTarget section */
		7535E7581A6577AC00A7605C /* yeet */ = {
			isa = PBXNativeTarget;
			buildConfigurationList = 7535E77F1A6577AC00A7605C /* Build configuration list for PBXNativeTarget "yeet" */;
			buildPhases = (
				7535E7551A6577AC00A7605C /* Sources */,
				7535E7561A6577AC00A7605C /* Frameworks */,
				7535E7571A6577AC00A7605C /* Resources */,
			);
			buildRules = (
			);
			dependencies = (
			);
			name = yeet;
			productName = yeet;
			productReference = 7535E7591A6577AC00A7605C /* yeet.app */;
			productType = "com.apple.product-type.application";
		};
		7535E7741A6577AC00A7605C /* yeetTests */ = {
			isa = PBXNativeTarget;
			buildConfigurationList = 7535E7821A6577AC00A7605C /* Build configuration list for PBXNativeTarget "yeetTests" */;
			buildPhases = (
				7535E7711A6577AC00A7605C /* Sources */,
				7535E7721A6577AC00A7605C /* Frameworks */,
				7535E7731A6577AC00A7605C /* Resources */,
			);
			buildRules = (
			);
			dependencies = (
				7535E7771A6577AC00A7605C /* PBXTargetDependency */,
			);
			name = yeetTests;
			productName = yeetTests;
			productReference = 7535E7751A6577AC00A7605C /* yeetTests.xctest */;
			productType = "com.apple.product-type.bundle.unit-test";
		};
/* End PBXNativeTarget section */

/* Begin PBXProject section */
		7535E7511A6577AC00A7605C /* Project object */ = {
			isa = PBXProject;
			attributes = {
				LastUpgradeCheck = 0610;
				ORGANIZATIONNAME = "Akshay Easwaran";
				TargetAttributes = {
					7535E7581A6577AC00A7605C = {
						CreatedOnToolsVersion = 6.1.1;
						DevelopmentTeam = XK5N7CWNWH;
						SystemCapabilities = {
							com.apple.iCloud = {
								enabled = 1;
							};
						};
					};
					7535E7741A6577AC00A7605C = {
						CreatedOnToolsVersion = 6.1.1;
						TestTargetID = 7535E7581A6577AC00A7605C;
					};
				};
			};
			buildConfigurationList = 7535E7541A6577AC00A7605C /* Build configuration list for PBXProject "yeet" */;
			compatibilityVersion = "Xcode 3.2";
			developmentRegion = English;
			hasScannedForEncodings = 0;
			knownRegions = (
				en,
				Base,
			);
			mainGroup = 7535E7501A6577AC00A7605C;
			productRefGroup = 7535E75A1A6577AC00A7605C /* Products */;
			projectDirPath = "";
			projectRoot = "";
			targets = (
				7535E7581A6577AC00A7605C /* yeet */,
				7535E7741A6577AC00A7605C /* yeetTests */,
			);
		};
/* End PBXProject section */

/* Begin PBXResourcesBuildPhase section */
		7535E7571A6577AC00A7605C /* Resources */ = {
			isa = PBXResourcesBuildPhase;
			buildActionMask = 2147483647;
			files = (
				7535E7A91A657B6900A7605C /* YTSignUpViewController.xib in Resources */,
				7535E7701A6577AC00A7605C /* LaunchScreen.xib in Resources */,
				7535E76D1A6577AC00A7605C /* Images.xcassets in Resources */,
			);
			runOnlyForDeploymentPostprocessing = 0;
		};
		7535E7731A6577AC00A7605C /* Resources */ = {
			isa = PBXResourcesBuildPhase;
			buildActionMask = 2147483647;
			files = (
			);
			runOnlyForDeploymentPostprocessing = 0;
		};
/* End PBXResourcesBuildPhase section */

/* Begin PBXSourcesBuildPhase section */
		7535E7551A6577AC00A7605C /* Sources */ = {
			isa = PBXSourcesBuildPhase;
			buildActionMask = 2147483647;
			files = (
				75097E811A740D20004E8EA1 /* YTUser.m in Sources */,
				7535E7621A6577AC00A7605C /* YTAppDelegate.m in Sources */,
				7535E7A81A657B6900A7605C /* YTSignUpViewController.m in Sources */,
				756802B81A7917C700DEE4BE /* Colours.m in Sources */,
				750587C41A77F18E005743BB /* YTParseManager.m in Sources */,
				7535E7651A6577AC00A7605C /* YTMainViewController.m in Sources */,
				7535E75F1A6577AC00A7605C /* main.m in Sources */,
				75097E7E1A740AC2004E8EA1 /* YTCloudKitManager.m in Sources */,
			);
			runOnlyForDeploymentPostprocessing = 0;
		};
		7535E7711A6577AC00A7605C /* Sources */ = {
			isa = PBXSourcesBuildPhase;
			buildActionMask = 2147483647;
			files = (
				7535E77C1A6577AC00A7605C /* yeetTests.m in Sources */,
			);
			runOnlyForDeploymentPostprocessing = 0;
		};
/* End PBXSourcesBuildPhase section */

/* Begin PBXTargetDependency section */
		7535E7771A6577AC00A7605C /* PBXTargetDependency */ = {
			isa = PBXTargetDependency;
			target = 7535E7581A6577AC00A7605C /* yeet */;
			targetProxy = 7535E7761A6577AC00A7605C /* PBXContainerItemProxy */;
		};
/* End PBXTargetDependency section */

/* Begin PBXVariantGroup section */
		7535E76E1A6577AC00A7605C /* LaunchScreen.xib */ = {
			isa = PBXVariantGroup;
			children = (
				7535E76F1A6577AC00A7605C /* Base */,
			);
			name = LaunchScreen.xib;
			sourceTree = "<group>";
		};
/* End PBXVariantGroup section */

/* Begin XCBuildConfiguration section */
		7535E77D1A6577AC00A7605C /* Debug */ = {
			isa = XCBuildConfiguration;
			buildSettings = {
				ALWAYS_SEARCH_USER_PATHS = NO;
				CLANG_CXX_LANGUAGE_STANDARD = "gnu++0x";
				CLANG_CXX_LIBRARY = "libc++";
				CLANG_ENABLE_MODULES = YES;
				CLANG_ENABLE_OBJC_ARC = YES;
				CLANG_WARN_BOOL_CONVERSION = YES;
				CLANG_WARN_CONSTANT_CONVERSION = YES;
				CLANG_WARN_DIRECT_OBJC_ISA_USAGE = YES_ERROR;
				CLANG_WARN_EMPTY_BODY = YES;
				CLANG_WARN_ENUM_CONVERSION = YES;
				CLANG_WARN_INT_CONVERSION = YES;
				CLANG_WARN_OBJC_ROOT_CLASS = YES_ERROR;
				CLANG_WARN_UNREACHABLE_CODE = YES;
				CLANG_WARN__DUPLICATE_METHOD_MATCH = YES;
				"CODE_SIGN_IDENTITY[sdk=iphoneos*]" = "iPhone Developer";
				COPY_PHASE_STRIP = NO;
				ENABLE_STRICT_OBJC_MSGSEND = YES;
				GCC_C_LANGUAGE_STANDARD = gnu99;
				GCC_DYNAMIC_NO_PIC = NO;
				GCC_OPTIMIZATION_LEVEL = 0;
				GCC_PREPROCESSOR_DEFINITIONS = (
					"DEBUG=1",
					"$(inherited)",
				);
				GCC_SYMBOLS_PRIVATE_EXTERN = NO;
				GCC_WARN_64_TO_32_BIT_CONVERSION = YES;
				GCC_WARN_ABOUT_RETURN_TYPE = YES_ERROR;
				GCC_WARN_UNDECLARED_SELECTOR = YES;
				GCC_WARN_UNINITIALIZED_AUTOS = YES_AGGRESSIVE;
				GCC_WARN_UNUSED_FUNCTION = YES;
				GCC_WARN_UNUSED_VARIABLE = YES;
				IPHONEOS_DEPLOYMENT_TARGET = 8.1;
				MTL_ENABLE_DEBUG_INFO = YES;
				ONLY_ACTIVE_ARCH = YES;
				SDKROOT = iphoneos;
			};
			name = Debug;
		};
		7535E77E1A6577AC00A7605C /* Release */ = {
			isa = XCBuildConfiguration;
			buildSettings = {
				ALWAYS_SEARCH_USER_PATHS = NO;
				CLANG_CXX_LANGUAGE_STANDARD = "gnu++0x";
				CLANG_CXX_LIBRARY = "libc++";
				CLANG_ENABLE_MODULES = YES;
				CLANG_ENABLE_OBJC_ARC = YES;
				CLANG_WARN_BOOL_CONVERSION = YES;
				CLANG_WARN_CONSTANT_CONVERSION = YES;
				CLANG_WARN_DIRECT_OBJC_ISA_USAGE = YES_ERROR;
				CLANG_WARN_EMPTY_BODY = YES;
				CLANG_WARN_ENUM_CONVERSION = YES;
				CLANG_WARN_INT_CONVERSION = YES;
				CLANG_WARN_OBJC_ROOT_CLASS = YES_ERROR;
				CLANG_WARN_UNREACHABLE_CODE = YES;
				CLANG_WARN__DUPLICATE_METHOD_MATCH = YES;
				"CODE_SIGN_IDENTITY[sdk=iphoneos*]" = "iPhone Developer";
				COPY_PHASE_STRIP = YES;
				ENABLE_NS_ASSERTIONS = NO;
				ENABLE_STRICT_OBJC_MSGSEND = YES;
				GCC_C_LANGUAGE_STANDARD = gnu99;
				GCC_WARN_64_TO_32_BIT_CONVERSION = YES;
				GCC_WARN_ABOUT_RETURN_TYPE = YES_ERROR;
				GCC_WARN_UNDECLARED_SELECTOR = YES;
				GCC_WARN_UNINITIALIZED_AUTOS = YES_AGGRESSIVE;
				GCC_WARN_UNUSED_FUNCTION = YES;
				GCC_WARN_UNUSED_VARIABLE = YES;
				IPHONEOS_DEPLOYMENT_TARGET = 8.1;
				MTL_ENABLE_DEBUG_INFO = NO;
				SDKROOT = iphoneos;
				VALIDATE_PRODUCT = YES;
			};
			name = Release;
		};
		7535E7801A6577AC00A7605C /* Debug */ = {
			isa = XCBuildConfiguration;
			buildSettings = {
				ASSETCATALOG_COMPILER_APPICON_NAME = AppIcon;
				CODE_SIGN_ENTITLEMENTS = yeet/yeet.entitlements;
				CODE_SIGN_IDENTITY = "iPhone Developer";
				"CODE_SIGN_IDENTITY[sdk=iphoneos*]" = "iPhone Developer";
				FRAMEWORK_SEARCH_PATHS = (
					"$(inherited)",
					"$(PROJECT_DIR)/yeet",
				);
				INFOPLIST_FILE = yeet/Info.plist;
				IPHONEOS_DEPLOYMENT_TARGET = 8.0;
				LD_RUNPATH_SEARCH_PATHS = "$(inherited) @executable_path/Frameworks";
				PRODUCT_NAME = "$(TARGET_NAME)";
				PROVISIONING_PROFILE = "";
			};
			name = Debug;
		};
		7535E7811A6577AC00A7605C /* Release */ = {
			isa = XCBuildConfiguration;
			buildSettings = {
				ASSETCATALOG_COMPILER_APPICON_NAME = AppIcon;
				CODE_SIGN_ENTITLEMENTS = yeet/yeet.entitlements;
				CODE_SIGN_IDENTITY = "iPhone Developer";
				"CODE_SIGN_IDENTITY[sdk=iphoneos*]" = "iPhone Developer";
				FRAMEWORK_SEARCH_PATHS = (
					"$(inherited)",
					"$(PROJECT_DIR)/yeet",
				);
				INFOPLIST_FILE = yeet/Info.plist;
				IPHONEOS_DEPLOYMENT_TARGET = 8.0;
				LD_RUNPATH_SEARCH_PATHS = "$(inherited) @executable_path/Frameworks";
				PRODUCT_NAME = "$(TARGET_NAME)";
				PROVISIONING_PROFILE = "";
			};
			name = Release;
		};
		7535E7831A6577AC00A7605C /* Debug */ = {
			isa = XCBuildConfiguration;
			buildSettings = {
				BUNDLE_LOADER = "$(TEST_HOST)";
				FRAMEWORK_SEARCH_PATHS = (
					"$(SDKROOT)/Developer/Library/Frameworks",
					"$(inherited)",
				);
				GCC_PREPROCESSOR_DEFINITIONS = (
					"DEBUG=1",
					"$(inherited)",
				);
				INFOPLIST_FILE = yeetTests/Info.plist;
				LD_RUNPATH_SEARCH_PATHS = "$(inherited) @executable_path/Frameworks @loader_path/Frameworks";
				PRODUCT_NAME = "$(TARGET_NAME)";
				TEST_HOST = "$(BUILT_PRODUCTS_DIR)/yeet.app/yeet";
			};
			name = Debug;
		};
		7535E7841A6577AC00A7605C /* Release */ = {
			isa = XCBuildConfiguration;
			buildSettings = {
				BUNDLE_LOADER = "$(TEST_HOST)";
				FRAMEWORK_SEARCH_PATHS = (
					"$(SDKROOT)/Developer/Library/Frameworks",
					"$(inherited)",
				);
				INFOPLIST_FILE = yeetTests/Info.plist;
				LD_RUNPATH_SEARCH_PATHS = "$(inherited) @executable_path/Frameworks @loader_path/Frameworks";
				PRODUCT_NAME = "$(TARGET_NAME)";
				TEST_HOST = "$(BUILT_PRODUCTS_DIR)/yeet.app/yeet";
			};
			name = Release;
		};
/* End XCBuildConfiguration section */

/* Begin XCConfigurationList section */
		7535E7541A6577AC00A7605C /* Build configuration list for PBXProject "yeet" */ = {
			isa = XCConfigurationList;
			buildConfigurations = (
				7535E77D1A6577AC00A7605C /* Debug */,
				7535E77E1A6577AC00A7605C /* Release */,
			);
			defaultConfigurationIsVisible = 0;
			defaultConfigurationName = Release;
		};
		7535E77F1A6577AC00A7605C /* Build configuration list for PBXNativeTarget "yeet" */ = {
			isa = XCConfigurationList;
			buildConfigurations = (
				7535E7801A6577AC00A7605C /* Debug */,
				7535E7811A6577AC00A7605C /* Release */,
			);
			defaultConfigurationIsVisible = 0;
			defaultConfigurationName = Release;
		};
		7535E7821A6577AC00A7605C /* Build configuration list for PBXNativeTarget "yeetTests" */ = {
			isa = XCConfigurationList;
			buildConfigurations = (
				7535E7831A6577AC00A7605C /* Debug */,
				7535E7841A6577AC00A7605C /* Release */,
			);
			defaultConfigurationIsVisible = 0;
			defaultConfigurationName = Release;
		};
/* End XCConfigurationList section */
	};
	rootObject = 7535E7511A6577AC00A7605C /* Project object */;
}
